
Microsoft Visual Studio Solution File, Format Version 12.00
# Visual Studio Version 16
VisualStudioVersion = 16.0.31005.135
MinimumVisualStudioVersion = 10.0.40219.1
Project("{FAE04EC0-301F-11D3-BF4B-00C04F79EFBC}") = "TechRep", "TechRep\TechRep.csproj", "{2258D8B0-309F-47F2-8A87-68F56960F776}"
EndProject
Global
	GlobalSection(SolutionConfigurationPlatforms) = preSolution
		Debug|Any CPU = Debug|Any CPU
		Release|Any CPU = Release|Any CPU
	EndGlobalSection
	GlobalSection(ProjectConfigurationPlatforms) = postSolution
		{2258D8B0-309F-47F2-8A87-68F56960F776}.Debug|Any CPU.ActiveCfg = Debug|Any CPU
		{2258D8B0-309F-47F2-8A87-68F56960F776}.Debug|Any CPU.Build.0 = Debug|Any CPU
		{2258D8B0-309F-47F2-8A87-68F56960F776}.Release|Any CPU.ActiveCfg = Release|Any CPU
		{2258D8B0-309F-47F2-8A87-68F56960F776}.Release|Any CPU.Build.0 = Release|Any CPU
	EndGlobalSection
	GlobalSection(SolutionProperties) = preSolution
		HideSolutionNode = FALSE
	EndGlobalSection
	GlobalSection(ExtensibilityGlobals) = postSolution
		SolutionGuid = {C2FC5C9A-D3C8-471B-9AA0-B64A5FFED53C}
	EndGlobalSection
EndGlobal
